
Microsoft Visual Studio Solution File, Format Version 12.00
# Visual Studio Version 17
VisualStudioVersion = 17.5.002.0
MinimumVisualStudioVersion = 10.0.40219.1
Project("{9A19103F-16F7-4668-BE54-9A1E7A4F7556}") = "equipo04", "equipo04.csproj", "{2BAEC66A-CFBB-42EA-8DC6-1100BE1CE2C2}"
EndProject
Global
	GlobalSection(SolutionConfigurationPlatforms) = preSolution
		Debug|Any CPU = Debug|Any CPU
		Release|Any CPU = Release|Any CPU
	EndGlobalSection
	GlobalSection(ProjectConfigurationPlatforms) = postSolution
		{2BAEC66A-CFBB-42EA-8DC6-1100BE1CE2C2}.Debug|Any CPU.ActiveCfg = Debug|Any CPU
		{2BAEC66A-CFBB-42EA-8DC6-1100BE1CE2C2}.Debug|Any CPU.Build.0 = Debug|Any CPU
		{2BAEC66A-CFBB-42EA-8DC6-1100BE1CE2C2}.Release|Any CPU.ActiveCfg = Release|Any CPU
		{2BAEC66A-CFBB-42EA-8DC6-1100BE1CE2C2}.Release|Any CPU.Build.0 = Release|Any CPU
	EndGlobalSection
	GlobalSection(SolutionProperties) = preSolution
		HideSolutionNode = FALSE
	EndGlobalSection
	GlobalSection(ExtensibilityGlobals) = postSolution
		SolutionGuid = {781CB481-639E-47BA-A6A4-8B5908FFE3F4}
	EndGlobalSection
EndGlobal
